
Microsoft Visual Studio Solution File, Format Version 12.00
# Visual Studio Version 17
VisualStudioVersion = 17.9.34728.123
MinimumVisualStudioVersion = 10.0.40219.1
Project("{8BC9CEB8-8B4A-11D0-8D11-00A0C91BC942}") = "Arrays_part1", "Arrays_part1.vcxproj", "{077312AA-EEB2-40B0-8D38-5EA929684295}"
EndProject
Global
	GlobalSection(SolutionConfigurationPlatforms) = preSolution
		Debug|x64 = Debug|x64
		Debug|x86 = Debug|x86
		Release|x64 = Release|x64
		Release|x86 = Release|x86
	EndGlobalSection
	GlobalSection(ProjectConfigurationPlatforms) = postSolution
		{077312AA-EEB2-40B0-8D38-5EA929684295}.Debug|x64.ActiveCfg = Debug|x64
		{077312AA-EEB2-40B0-8D38-5EA929684295}.Debug|x64.Build.0 = Debug|x64
		{077312AA-EEB2-40B0-8D38-5EA929684295}.Debug|x86.ActiveCfg = Debug|Win32
		{077312AA-EEB2-40B0-8D38-5EA929684295}.Debug|x86.Build.0 = Debug|Win32
		{077312AA-EEB2-40B0-8D38-5EA929684295}.Release|x64.ActiveCfg = Release|x64
		{077312AA-EEB2-40B0-8D38-5EA929684295}.Release|x64.Build.0 = Release|x64
		{077312AA-EEB2-40B0-8D38-5EA929684295}.Release|x86.ActiveCfg = Release|Win32
		{077312AA-EEB2-40B0-8D38-5EA929684295}.Release|x86.Build.0 = Release|Win32
	EndGlobalSection
	GlobalSection(SolutionProperties) = preSolution
		HideSolutionNode = FALSE
	EndGlobalSection
	GlobalSection(ExtensibilityGlobals) = postSolution
		SolutionGuid = {3CAA5DC7-C4AD-4C72-919C-AB85B3A86C87}
	EndGlobalSection
EndGlobal
